
Microsoft Visual Studio Solution File, Format Version 12.00
# Visual Studio Version 17
VisualStudioVersion = 17.8.34330.188
MinimumVisualStudioVersion = 10.0.40219.1
Project("{9A19103F-16F7-4668-BE54-9A1E7A4F7556}") = "uppgift-1-2", "uppgift-1-2.csproj", "{749E2016-5F6B-4C49-AA22-4DAFDDEFAB1A}"
EndProject
Project("{FAE04EC0-301F-11D3-BF4B-00C04F79EFBC}") = "xUnitTester", "..\xUnitTester\xUnitTester.csproj", "{B9148E6D-8B09-47E6-BFF2-3FF16B605780}"
EndProject
Global
	GlobalSection(SolutionConfigurationPlatforms) = preSolution
		Debug|Any CPU = Debug|Any CPU
		Release|Any CPU = Release|Any CPU
	EndGlobalSection
	GlobalSection(ProjectConfigurationPlatforms) = postSolution
		{749E2016-5F6B-4C49-AA22-4DAFDDEFAB1A}.Debug|Any CPU.ActiveCfg = Debug|Any CPU
		{749E2016-5F6B-4C49-AA22-4DAFDDEFAB1A}.Debug|Any CPU.Build.0 = Debug|Any CPU
		{749E2016-5F6B-4C49-AA22-4DAFDDEFAB1A}.Release|Any CPU.ActiveCfg = Release|Any CPU
		{749E2016-5F6B-4C49-AA22-4DAFDDEFAB1A}.Release|Any CPU.Build.0 = Release|Any CPU
		{B9148E6D-8B09-47E6-BFF2-3FF16B605780}.Debug|Any CPU.ActiveCfg = Debug|Any CPU
		{B9148E6D-8B09-47E6-BFF2-3FF16B605780}.Debug|Any CPU.Build.0 = Debug|Any CPU
		{B9148E6D-8B09-47E6-BFF2-3FF16B605780}.Release|Any CPU.ActiveCfg = Release|Any CPU
		{B9148E6D-8B09-47E6-BFF2-3FF16B605780}.Release|Any CPU.Build.0 = Release|Any CPU
	EndGlobalSection
	GlobalSection(SolutionProperties) = preSolution
		HideSolutionNode = FALSE
	EndGlobalSection
	GlobalSection(ExtensibilityGlobals) = postSolution
		SolutionGuid = {B0AEE711-1066-4086-88B3-32E01C3E745F}
	EndGlobalSection
EndGlobal
